
Microsoft Visual Studio Solution File, Format Version 12.00
# Visual Studio Version 16
VisualStudioVersion = 16.0.29613.14
MinimumVisualStudioVersion = 10.0.40219.1
Project("{FAE04EC0-301F-11D3-BF4B-00C04F79EFBC}") = "SampleProject", "SampleProject.csproj", "{0D3012CE-49FC-4C39-94A5-2B9EF7B6ED15}"
EndProject
Global
	GlobalSection(SolutionConfigurationPlatforms) = preSolution
		Debug|Any CPU = Debug|Any CPU
		Release|Any CPU = Release|Any CPU
	EndGlobalSection
	GlobalSection(ProjectConfigurationPlatforms) = postSolution
		{0D3012CE-49FC-4C39-94A5-2B9EF7B6ED15}.Debug|Any CPU.ActiveCfg = Debug|Any CPU
		{0D3012CE-49FC-4C39-94A5-2B9EF7B6ED15}.Debug|Any CPU.Build.0 = Debug|Any CPU
		{0D3012CE-49FC-4C39-94A5-2B9EF7B6ED15}.Release|Any CPU.ActiveCfg = Release|Any CPU
		{0D3012CE-49FC-4C39-94A5-2B9EF7B6ED15}.Release|Any CPU.Build.0 = Release|Any CPU
	EndGlobalSection
	GlobalSection(SolutionProperties) = preSolution
		HideSolutionNode = FALSE
	EndGlobalSection
	GlobalSection(ExtensibilityGlobals) = postSolution
		SolutionGuid = {7757403A-54C7-4BA7-A931-DBB1C5230F54}
	EndGlobalSection
EndGlobal
